
Microsoft Visual Studio Solution File, Format Version 12.00
# Visual Studio 2012
Project("{2150E333-8FDC-42A3-9474-1A3956D46DE8}") = "App", "App", "{A689401F-8387-4E15-AB9D-27FBAF9FA437}"
EndProject
Project("{262852C6-CD72-467D-83FE-5EEB1973A190}") = "Interation.iRepeater.App", "App\Interation.iRepeater.App\Interation.iRepeater.App.jsproj", "{89B07036-97C4-4987-9A22-6A122AB19AFA}"
EndProject
Project("{2150E333-8FDC-42A3-9474-1A3956D46DE8}") = "Web", "Web", "{FC6592A3-E036-4EE0-82E6-1C90F3B83279}"
EndProject
Project("{FAE04EC0-301F-11D3-BF4B-00C04F79EFBC}") = "Interation.iRepeater.Web", "Web\Interation.iRepeater.Web\Interation.iRepeater.Web.csproj", "{E4B742DC-0E03-4C22-9195-B394872EBFC4}"
EndProject
Project("{FAE04EC0-301F-11D3-BF4B-00C04F79EFBC}") = "Interation.iRepeater.Web.Controllers", "Web\Interation.iRepeater.Web.Controllers\Interation.iRepeater.Web.Controllers.csproj", "{F4DB4E57-C524-438D-AB32-28EC018028A8}"
EndProject
Project("{FAE04EC0-301F-11D3-BF4B-00C04F79EFBC}") = "Interation.iRepeater.Web.ViewModel", "Web\Interation.iRepeater.Web.ViewModel\Interation.iRepeater.Web.ViewModel.csproj", "{E8A114B9-2BF4-46F0-B4AE-A8DBFA9AF34A}"
EndProject
Project("{2150E333-8FDC-42A3-9474-1A3956D46DE8}") = "Repository", "Repository", "{4546C205-4A36-4A36-911F-74BB3500C044}"
EndProject
Project("{2150E333-8FDC-42A3-9474-1A3956D46DE8}") = "Service", "Service", "{D13F871B-C2DD-4DD4-8ABB-BEE57E272A7E}"
EndProject
Project("{2150E333-8FDC-42A3-9474-1A3956D46DE8}") = "Foundation", "Foundation", "{1178B920-C2C0-4555-9E97-CA9AFD2A74D1}"
EndProject
Project("{2150E333-8FDC-42A3-9474-1A3956D46DE8}") = "IOC", "IOC", "{174BA2D5-9376-4295-ACA7-FFE04A788F15}"
EndProject
Project("{2150E333-8FDC-42A3-9474-1A3956D46DE8}") = "Testing", "Testing", "{7B5EA6B3-B7EB-417E-8674-DF6FD30DBF25}"
EndProject
Project("{FAE04EC0-301F-11D3-BF4B-00C04F79EFBC}") = "Interation.iRepeater.IOC", "IOC\Interation.iRepeater.IOC\Interation.iRepeater.IOC.csproj", "{EA088951-6D49-482A-98B2-749856B794E8}"
EndProject
Project("{FAE04EC0-301F-11D3-BF4B-00C04F79EFBC}") = "Interation.iRepeater.Service.IServiceProvider", "Service\Interation.iRepeater.Service.IServiceProvider\Interation.iRepeater.Service.IServiceProvider.csproj", "{C5281CF9-E17A-4202-A4B9-0549FE9F5C65}"
EndProject
Project("{FAE04EC0-301F-11D3-BF4B-00C04F79EFBC}") = "Interation.iRepeater.Service.ServiceImplementation", "Service\Interation.iRepeater.Service.ServiceImplementation\Interation.iRepeater.Service.ServiceImplementation.csproj", "{BE3DE179-39D9-48DC-9480-DC2067636C4B}"
EndProject
Project("{FAE04EC0-301F-11D3-BF4B-00C04F79EFBC}") = "Interation.iRepeater.Service.Contract", "Service\Interation.iRepeater.Service.Contract\Interation.iRepeater.Service.Contract.csproj", "{5521B8EA-D1A5-469E-8DD7-C67F5D1D5365}"
EndProject
Project("{FAE04EC0-301F-11D3-BF4B-00C04F79EFBC}") = "Interation.iRepeater.Repository.IRepositoryProvider", "Repository\Interation.iRepeater.Repository.IRepositoryProvider\Interation.iRepeater.Repository.IRepositoryProvider.csproj", "{40E44F81-5AE8-4946-BB74-27D20975EBA0}"
EndProject
Project("{FAE04EC0-301F-11D3-BF4B-00C04F79EFBC}") = "Interation.iRepeater.Repository.RepositoryImplementation", "Repository\Interation.iRepeater.Repository.RepositoryImplementation\Interation.iRepeater.Repository.RepositoryImplementation.csproj", "{8B54ABAD-6DEB-4983-8BEF-A9A1685C0A40}"
EndProject
Project("{FAE04EC0-301F-11D3-BF4B-00C04F79EFBC}") = "Interation.iRepeater.Repository.Entity", "Repository\Interation.iRepeater.Repository.Entity\Interation.iRepeater.Repository.Entity.csproj", "{2401A622-3532-42D6-B5C4-5EA9627C081C}"
EndProject
Project("{FAE04EC0-301F-11D3-BF4B-00C04F79EFBC}") = "Interation.iRepeater.Foundation", "Foundation\Interation.iRepeater.Foundation\Interation.iRepeater.Foundation.csproj", "{867E5524-6F13-4C3A-83CB-22CB204141DE}"
EndProject
Project("{2150E333-8FDC-42A3-9474-1A3956D46DE8}") = "Core", "Core", "{1E28A7CD-7D6F-4C72-A246-8311214E28B2}"
EndProject
Project("{FAE04EC0-301F-11D3-BF4B-00C04F79EFBC}") = "Interation.iRepeater.Core", "Core\Interation.iRepeater.Core\Interation.iRepeater.Core.csproj", "{021169FD-248F-4C5C-9B7E-1F6F326793DF}"
EndProject
Project("{FAE04EC0-301F-11D3-BF4B-00C04F79EFBC}") = "Interation.iRepeater.Testing.UnitTest", "Testing\Interation.iRepeater.Testing.UnitTest\Interation.iRepeater.Testing.UnitTest.csproj", "{4F828DE9-CBCE-4801-93F9-EA7682C61C65}"
EndProject
Project("{FAE04EC0-301F-11D3-BF4B-00C04F79EFBC}") = "Interation.iRepeater.Testing.IntegrationTest", "Testing\Interation.iRepeater.Testing.IntegrationTest\Interation.iRepeater.Testing.IntegrationTest.csproj", "{042DD919-F508-4B7B-AEF3-86A671129B24}"
EndProject
Global
	GlobalSection(SolutionConfigurationPlatforms) = preSolution
		Debug|Any CPU = Debug|Any CPU
		Debug|ARM = Debug|ARM
		Debug|x64 = Debug|x64
		Debug|x86 = Debug|x86
		Release|Any CPU = Release|Any CPU
		Release|ARM = Release|ARM
		Release|x64 = Release|x64
		Release|x86 = Release|x86
	EndGlobalSection
	GlobalSection(ProjectConfigurationPlatforms) = postSolution
		{89B07036-97C4-4987-9A22-6A122AB19AFA}.Debug|Any CPU.ActiveCfg = Debug|Any CPU
		{89B07036-97C4-4987-9A22-6A122AB19AFA}.Debug|Any CPU.Build.0 = Debug|Any CPU
		{89B07036-97C4-4987-9A22-6A122AB19AFA}.Debug|Any CPU.Deploy.0 = Debug|Any CPU
		{89B07036-97C4-4987-9A22-6A122AB19AFA}.Debug|ARM.ActiveCfg = Debug|ARM
		{89B07036-97C4-4987-9A22-6A122AB19AFA}.Debug|ARM.Build.0 = Debug|ARM
		{89B07036-97C4-4987-9A22-6A122AB19AFA}.Debug|ARM.Deploy.0 = Debug|ARM
		{89B07036-97C4-4987-9A22-6A122AB19AFA}.Debug|x64.ActiveCfg = Debug|x64
		{89B07036-97C4-4987-9A22-6A122AB19AFA}.Debug|x64.Build.0 = Debug|x64
		{89B07036-97C4-4987-9A22-6A122AB19AFA}.Debug|x64.Deploy.0 = Debug|x64
		{89B07036-97C4-4987-9A22-6A122AB19AFA}.Debug|x86.ActiveCfg = Debug|x86
		{89B07036-97C4-4987-9A22-6A122AB19AFA}.Debug|x86.Build.0 = Debug|x86
		{89B07036-97C4-4987-9A22-6A122AB19AFA}.Debug|x86.Deploy.0 = Debug|x86
		{89B07036-97C4-4987-9A22-6A122AB19AFA}.Release|Any CPU.ActiveCfg = Release|Any CPU
		{89B07036-97C4-4987-9A22-6A122AB19AFA}.Release|Any CPU.Build.0 = Release|Any CPU
		{89B07036-97C4-4987-9A22-6A122AB19AFA}.Release|Any CPU.Deploy.0 = Release|Any CPU
		{89B07036-97C4-4987-9A22-6A122AB19AFA}.Release|ARM.ActiveCfg = Release|ARM
		{89B07036-97C4-4987-9A22-6A122AB19AFA}.Release|ARM.Build.0 = Release|ARM
		{89B07036-97C4-4987-9A22-6A122AB19AFA}.Release|ARM.Deploy.0 = Release|ARM
		{89B07036-97C4-4987-9A22-6A122AB19AFA}.Release|x64.ActiveCfg = Release|x64
		{89B07036-97C4-4987-9A22-6A122AB19AFA}.Release|x64.Build.0 = Release|x64
		{89B07036-97C4-4987-9A22-6A122AB19AFA}.Release|x64.Deploy.0 = Release|x64
		{89B07036-97C4-4987-9A22-6A122AB19AFA}.Release|x86.ActiveCfg = Release|x86
		{89B07036-97C4-4987-9A22-6A122AB19AFA}.Release|x86.Build.0 = Release|x86
		{89B07036-97C4-4987-9A22-6A122AB19AFA}.Release|x86.Deploy.0 = Release|x86
		{E4B742DC-0E03-4C22-9195-B394872EBFC4}.Debug|Any CPU.ActiveCfg = Debug|Any CPU
		{E4B742DC-0E03-4C22-9195-B394872EBFC4}.Debug|Any CPU.Build.0 = Debug|Any CPU
		{E4B742DC-0E03-4C22-9195-B394872EBFC4}.Debug|ARM.ActiveCfg = Debug|Any CPU
		{E4B742DC-0E03-4C22-9195-B394872EBFC4}.Debug|x64.ActiveCfg = Debug|Any CPU
		{E4B742DC-0E03-4C22-9195-B394872EBFC4}.Debug|x86.ActiveCfg = Debug|Any CPU
		{E4B742DC-0E03-4C22-9195-B394872EBFC4}.Release|Any CPU.ActiveCfg = Release|Any CPU
		{E4B742DC-0E03-4C22-9195-B394872EBFC4}.Release|Any CPU.Build.0 = Release|Any CPU
		{E4B742DC-0E03-4C22-9195-B394872EBFC4}.Release|ARM.ActiveCfg = Release|Any CPU
		{E4B742DC-0E03-4C22-9195-B394872EBFC4}.Release|x64.ActiveCfg = Release|Any CPU
		{E4B742DC-0E03-4C22-9195-B394872EBFC4}.Release|x86.ActiveCfg = Release|Any CPU
		{F4DB4E57-C524-438D-AB32-28EC018028A8}.Debug|Any CPU.ActiveCfg = Debug|Any CPU
		{F4DB4E57-C524-438D-AB32-28EC018028A8}.Debug|Any CPU.Build.0 = Debug|Any CPU
		{F4DB4E57-C524-438D-AB32-28EC018028A8}.Debug|ARM.ActiveCfg = Debug|Any CPU
		{F4DB4E57-C524-438D-AB32-28EC018028A8}.Debug|x64.ActiveCfg = Debug|Any CPU
		{F4DB4E57-C524-438D-AB32-28EC018028A8}.Debug|x86.ActiveCfg = Debug|Any CPU
		{F4DB4E57-C524-438D-AB32-28EC018028A8}.Release|Any CPU.ActiveCfg = Release|Any CPU
		{F4DB4E57-C524-438D-AB32-28EC018028A8}.Release|Any CPU.Build.0 = Release|Any CPU
		{F4DB4E57-C524-438D-AB32-28EC018028A8}.Release|ARM.ActiveCfg = Release|Any CPU
		{F4DB4E57-C524-438D-AB32-28EC018028A8}.Release|x64.ActiveCfg = Release|Any CPU
		{F4DB4E57-C524-438D-AB32-28EC018028A8}.Release|x86.ActiveCfg = Release|Any CPU
		{E8A114B9-2BF4-46F0-B4AE-A8DBFA9AF34A}.Debug|Any CPU.ActiveCfg = Debug|Any CPU
		{E8A114B9-2BF4-46F0-B4AE-A8DBFA9AF34A}.Debug|Any CPU.Build.0 = Debug|Any CPU
		{E8A114B9-2BF4-46F0-B4AE-A8DBFA9AF34A}.Debug|ARM.ActiveCfg = Debug|Any CPU
		{E8A114B9-2BF4-46F0-B4AE-A8DBFA9AF34A}.Debug|x64.ActiveCfg = Debug|Any CPU
		{E8A114B9-2BF4-46F0-B4AE-A8DBFA9AF34A}.Debug|x86.ActiveCfg = Debug|Any CPU
		{E8A114B9-2BF4-46F0-B4AE-A8DBFA9AF34A}.Release|Any CPU.ActiveCfg = Release|Any CPU
		{E8A114B9-2BF4-46F0-B4AE-A8DBFA9AF34A}.Release|Any CPU.Build.0 = Release|Any CPU
		{E8A114B9-2BF4-46F0-B4AE-A8DBFA9AF34A}.Release|ARM.ActiveCfg = Release|Any CPU
		{E8A114B9-2BF4-46F0-B4AE-A8DBFA9AF34A}.Release|x64.ActiveCfg = Release|Any CPU
		{E8A114B9-2BF4-46F0-B4AE-A8DBFA9AF34A}.Release|x86.ActiveCfg = Release|Any CPU
		{EA088951-6D49-482A-98B2-749856B794E8}.Debug|Any CPU.ActiveCfg = Debug|Any CPU
		{EA088951-6D49-482A-98B2-749856B794E8}.Debug|Any CPU.Build.0 = Debug|Any CPU
		{EA088951-6D49-482A-98B2-749856B794E8}.Debug|ARM.ActiveCfg = Debug|Any CPU
		{EA088951-6D49-482A-98B2-749856B794E8}.Debug|x64.ActiveCfg = Debug|Any CPU
		{EA088951-6D49-482A-98B2-749856B794E8}.Debug|x86.ActiveCfg = Debug|Any CPU
		{EA088951-6D49-482A-98B2-749856B794E8}.Release|Any CPU.ActiveCfg = Release|Any CPU
		{EA088951-6D49-482A-98B2-749856B794E8}.Release|Any CPU.Build.0 = Release|Any CPU
		{EA088951-6D49-482A-98B2-749856B794E8}.Release|ARM.ActiveCfg = Release|Any CPU
		{EA088951-6D49-482A-98B2-749856B794E8}.Release|x64.ActiveCfg = Release|Any CPU
		{EA088951-6D49-482A-98B2-749856B794E8}.Release|x86.ActiveCfg = Release|Any CPU
		{C5281CF9-E17A-4202-A4B9-0549FE9F5C65}.Debug|Any CPU.ActiveCfg = Debug|Any CPU
		{C5281CF9-E17A-4202-A4B9-0549FE9F5C65}.Debug|Any CPU.Build.0 = Debug|Any CPU
		{C5281CF9-E17A-4202-A4B9-0549FE9F5C65}.Debug|ARM.ActiveCfg = Debug|Any CPU
		{C5281CF9-E17A-4202-A4B9-0549FE9F5C65}.Debug|x64.ActiveCfg = Debug|Any CPU
		{C5281CF9-E17A-4202-A4B9-0549FE9F5C65}.Debug|x86.ActiveCfg = Debug|Any CPU
		{C5281CF9-E17A-4202-A4B9-0549FE9F5C65}.Release|Any CPU.ActiveCfg = Release|Any CPU
		{C5281CF9-E17A-4202-A4B9-0549FE9F5C65}.Release|Any CPU.Build.0 = Release|Any CPU
		{C5281CF9-E17A-4202-A4B9-0549FE9F5C65}.Release|ARM.ActiveCfg = Release|Any CPU
		{C5281CF9-E17A-4202-A4B9-0549FE9F5C65}.Release|x64.ActiveCfg = Release|Any CPU
		{C5281CF9-E17A-4202-A4B9-0549FE9F5C65}.Release|x86.ActiveCfg = Release|Any CPU
		{BE3DE179-39D9-48DC-9480-DC2067636C4B}.Debug|Any CPU.ActiveCfg = Debug|Any CPU
		{BE3DE179-39D9-48DC-9480-DC2067636C4B}.Debug|Any CPU.Build.0 = Debug|Any CPU
		{BE3DE179-39D9-48DC-9480-DC2067636C4B}.Debug|ARM.ActiveCfg = Debug|Any CPU
		{BE3DE179-39D9-48DC-9480-DC2067636C4B}.Debug|x64.ActiveCfg = Debug|Any CPU
		{BE3DE179-39D9-48DC-9480-DC2067636C4B}.Debug|x86.ActiveCfg = Debug|Any CPU
		{BE3DE179-39D9-48DC-9480-DC2067636C4B}.Release|Any CPU.ActiveCfg = Release|Any CPU
		{BE3DE179-39D9-48DC-9480-DC2067636C4B}.Release|Any CPU.Build.0 = Release|Any CPU
		{BE3DE179-39D9-48DC-9480-DC2067636C4B}.Release|ARM.ActiveCfg = Release|Any CPU
		{BE3DE179-39D9-48DC-9480-DC2067636C4B}.Release|x64.ActiveCfg = Release|Any CPU
		{BE3DE179-39D9-48DC-9480-DC2067636C4B}.Release|x86.ActiveCfg = Release|Any CPU
		{5521B8EA-D1A5-469E-8DD7-C67F5D1D5365}.Debug|Any CPU.ActiveCfg = Debug|Any CPU
		{5521B8EA-D1A5-469E-8DD7-C67F5D1D5365}.Debug|Any CPU.Build.0 = Debug|Any CPU
		{5521B8EA-D1A5-469E-8DD7-C67F5D1D5365}.Debug|ARM.ActiveCfg = Debug|Any CPU
		{5521B8EA-D1A5-469E-8DD7-C67F5D1D5365}.Debug|x64.ActiveCfg = Debug|Any CPU
		{5521B8EA-D1A5-469E-8DD7-C67F5D1D5365}.Debug|x86.ActiveCfg = Debug|Any CPU
		{5521B8EA-D1A5-469E-8DD7-C67F5D1D5365}.Release|Any CPU.ActiveCfg = Release|Any CPU
		{5521B8EA-D1A5-469E-8DD7-C67F5D1D5365}.Release|Any CPU.Build.0 = Release|Any CPU
		{5521B8EA-D1A5-469E-8DD7-C67F5D1D5365}.Release|ARM.ActiveCfg = Release|Any CPU
		{5521B8EA-D1A5-469E-8DD7-C67F5D1D5365}.Release|x64.ActiveCfg = Release|Any CPU
		{5521B8EA-D1A5-469E-8DD7-C67F5D1D5365}.Release|x86.ActiveCfg = Release|Any CPU
		{40E44F81-5AE8-4946-BB74-27D20975EBA0}.Debug|Any CPU.ActiveCfg = Debug|Any CPU
		{40E44F81-5AE8-4946-BB74-27D20975EBA0}.Debug|Any CPU.Build.0 = Debug|Any CPU
		{40E44F81-5AE8-4946-BB74-27D20975EBA0}.Debug|ARM.ActiveCfg = Debug|Any CPU
		{40E44F81-5AE8-4946-BB74-27D20975EBA0}.Debug|x64.ActiveCfg = Debug|Any CPU
		{40E44F81-5AE8-4946-BB74-27D20975EBA0}.Debug|x86.ActiveCfg = Debug|Any CPU
		{40E44F81-5AE8-4946-BB74-27D20975EBA0}.Release|Any CPU.ActiveCfg = Release|Any CPU
		{40E44F81-5AE8-4946-BB74-27D20975EBA0}.Release|Any CPU.Build.0 = Release|Any CPU
		{40E44F81-5AE8-4946-BB74-27D20975EBA0}.Release|ARM.ActiveCfg = Release|Any CPU
		{40E44F81-5AE8-4946-BB74-27D20975EBA0}.Release|x64.ActiveCfg = Release|Any CPU
		{40E44F81-5AE8-4946-BB74-27D20975EBA0}.Release|x86.ActiveCfg = Release|Any CPU
		{8B54ABAD-6DEB-4983-8BEF-A9A1685C0A40}.Debug|Any CPU.ActiveCfg = Debug|Any CPU
		{8B54ABAD-6DEB-4983-8BEF-A9A1685C0A40}.Debug|Any CPU.Build.0 = Debug|Any CPU
		{8B54ABAD-6DEB-4983-8BEF-A9A1685C0A40}.Debug|ARM.ActiveCfg = Debug|Any CPU
		{8B54ABAD-6DEB-4983-8BEF-A9A1685C0A40}.Debug|x64.ActiveCfg = Debug|Any CPU
		{8B54ABAD-6DEB-4983-8BEF-A9A1685C0A40}.Debug|x86.ActiveCfg = Debug|Any CPU
		{8B54ABAD-6DEB-4983-8BEF-A9A1685C0A40}.Release|Any CPU.ActiveCfg = Release|Any CPU
		{8B54ABAD-6DEB-4983-8BEF-A9A1685C0A40}.Release|Any CPU.Build.0 = Release|Any CPU
		{8B54ABAD-6DEB-4983-8BEF-A9A1685C0A40}.Release|ARM.ActiveCfg = Release|Any CPU
		{8B54ABAD-6DEB-4983-8BEF-A9A1685C0A40}.Release|x64.ActiveCfg = Release|Any CPU
		{8B54ABAD-6DEB-4983-8BEF-A9A1685C0A40}.Release|x86.ActiveCfg = Release|Any CPU
		{2401A622-3532-42D6-B5C4-5EA9627C081C}.Debug|Any CPU.ActiveCfg = Debug|Any CPU
		{2401A622-3532-42D6-B5C4-5EA9627C081C}.Debug|Any CPU.Build.0 = Debug|Any CPU
		{2401A622-3532-42D6-B5C4-5EA9627C081C}.Debug|ARM.ActiveCfg = Debug|Any CPU
		{2401A622-3532-42D6-B5C4-5EA9627C081C}.Debug|x64.ActiveCfg = Debug|Any CPU
		{2401A622-3532-42D6-B5C4-5EA9627C081C}.Debug|x86.ActiveCfg = Debug|Any CPU
		{2401A622-3532-42D6-B5C4-5EA9627C081C}.Release|Any CPU.ActiveCfg = Release|Any CPU
		{2401A622-3532-42D6-B5C4-5EA9627C081C}.Release|Any CPU.Build.0 = Release|Any CPU
		{2401A622-3532-42D6-B5C4-5EA9627C081C}.Release|ARM.ActiveCfg = Release|Any CPU
		{2401A622-3532-42D6-B5C4-5EA9627C081C}.Release|x64.ActiveCfg = Release|Any CPU
		{2401A622-3532-42D6-B5C4-5EA9627C081C}.Release|x86.ActiveCfg = Release|Any CPU
		{867E5524-6F13-4C3A-83CB-22CB204141DE}.Debug|Any CPU.ActiveCfg = Debug|Any CPU
		{867E5524-6F13-4C3A-83CB-22CB204141DE}.Debug|Any CPU.Build.0 = Debug|Any CPU
		{867E5524-6F13-4C3A-83CB-22CB204141DE}.Debug|ARM.ActiveCfg = Debug|Any CPU
		{867E5524-6F13-4C3A-83CB-22CB204141DE}.Debug|x64.ActiveCfg = Debug|Any CPU
		{867E5524-6F13-4C3A-83CB-22CB204141DE}.Debug|x86.ActiveCfg = Debug|Any CPU
		{867E5524-6F13-4C3A-83CB-22CB204141DE}.Release|Any CPU.ActiveCfg = Release|Any CPU
		{867E5524-6F13-4C3A-83CB-22CB204141DE}.Release|Any CPU.Build.0 = Release|Any CPU
		{867E5524-6F13-4C3A-83CB-22CB204141DE}.Release|ARM.ActiveCfg = Release|Any CPU
		{867E5524-6F13-4C3A-83CB-22CB204141DE}.Release|x64.ActiveCfg = Release|Any CPU
		{867E5524-6F13-4C3A-83CB-22CB204141DE}.Release|x86.ActiveCfg = Release|Any CPU
		{021169FD-248F-4C5C-9B7E-1F6F326793DF}.Debug|Any CPU.ActiveCfg = Debug|Any CPU
		{021169FD-248F-4C5C-9B7E-1F6F326793DF}.Debug|Any CPU.Build.0 = Debug|Any CPU
		{021169FD-248F-4C5C-9B7E-1F6F326793DF}.Debug|ARM.ActiveCfg = Debug|Any CPU
		{021169FD-248F-4C5C-9B7E-1F6F326793DF}.Debug|x64.ActiveCfg = Debug|Any CPU
		{021169FD-248F-4C5C-9B7E-1F6F326793DF}.Debug|x86.ActiveCfg = Debug|Any CPU
		{021169FD-248F-4C5C-9B7E-1F6F326793DF}.Release|Any CPU.ActiveCfg = Release|Any CPU
		{021169FD-248F-4C5C-9B7E-1F6F326793DF}.Release|Any CPU.Build.0 = Release|Any CPU
		{021169FD-248F-4C5C-9B7E-1F6F326793DF}.Release|ARM.ActiveCfg = Release|Any CPU
		{021169FD-248F-4C5C-9B7E-1F6F326793DF}.Release|x64.ActiveCfg = Release|Any CPU
		{021169FD-248F-4C5C-9B7E-1F6F326793DF}.Release|x86.ActiveCfg = Release|Any CPU
		{4F828DE9-CBCE-4801-93F9-EA7682C61C65}.Debug|Any CPU.ActiveCfg = Debug|Any CPU
		{4F828DE9-CBCE-4801-93F9-EA7682C61C65}.Debug|Any CPU.Build.0 = Debug|Any CPU
		{4F828DE9-CBCE-4801-93F9-EA7682C61C65}.Debug|ARM.ActiveCfg = Debug|Any CPU
		{4F828DE9-CBCE-4801-93F9-EA7682C61C65}.Debug|x64.ActiveCfg = Debug|Any CPU
		{4F828DE9-CBCE-4801-93F9-EA7682C61C65}.Debug|x86.ActiveCfg = Debug|Any CPU
		{4F828DE9-CBCE-4801-93F9-EA7682C61C65}.Release|Any CPU.ActiveCfg = Release|Any CPU
		{4F828DE9-CBCE-4801-93F9-EA7682C61C65}.Release|Any CPU.Build.0 = Release|Any CPU
		{4F828DE9-CBCE-4801-93F9-EA7682C61C65}.Release|ARM.ActiveCfg = Release|Any CPU
		{4F828DE9-CBCE-4801-93F9-EA7682C61C65}.Release|x64.ActiveCfg = Release|Any CPU
		{4F828DE9-CBCE-4801-93F9-EA7682C61C65}.Release|x86.ActiveCfg = Release|Any CPU
		{042DD919-F508-4B7B-AEF3-86A671129B24}.Debug|Any CPU.ActiveCfg = Debug|Any CPU
		{042DD919-F508-4B7B-AEF3-86A671129B24}.Debug|Any CPU.Build.0 = Debug|Any CPU
		{042DD919-F508-4B7B-AEF3-86A671129B24}.Debug|ARM.ActiveCfg = Debug|Any CPU
		{042DD919-F508-4B7B-AEF3-86A671129B24}.Debug|x64.ActiveCfg = Debug|Any CPU
		{042DD919-F508-4B7B-AEF3-86A671129B24}.Debug|x86.ActiveCfg = Debug|Any CPU
		{042DD919-F508-4B7B-AEF3-86A671129B24}.Release|Any CPU.ActiveCfg = Release|Any CPU
		{042DD919-F508-4B7B-AEF3-86A671129B24}.Release|Any CPU.Build.0 = Release|Any CPU
		{042DD919-F508-4B7B-AEF3-86A671129B24}.Release|ARM.ActiveCfg = Release|Any CPU
		{042DD919-F508-4B7B-AEF3-86A671129B24}.Release|x64.ActiveCfg = Release|Any CPU
		{042DD919-F508-4B7B-AEF3-86A671129B24}.Release|x86.ActiveCfg = Release|Any CPU
	EndGlobalSection
	GlobalSection(SolutionProperties) = preSolution
		HideSolutionNode = FALSE
	EndGlobalSection
	GlobalSection(NestedProjects) = preSolution
		{89B07036-97C4-4987-9A22-6A122AB19AFA} = {A689401F-8387-4E15-AB9D-27FBAF9FA437}
		{E4B742DC-0E03-4C22-9195-B394872EBFC4} = {FC6592A3-E036-4EE0-82E6-1C90F3B83279}
		{F4DB4E57-C524-438D-AB32-28EC018028A8} = {FC6592A3-E036-4EE0-82E6-1C90F3B83279}
		{E8A114B9-2BF4-46F0-B4AE-A8DBFA9AF34A} = {FC6592A3-E036-4EE0-82E6-1C90F3B83279}
		{40E44F81-5AE8-4946-BB74-27D20975EBA0} = {4546C205-4A36-4A36-911F-74BB3500C044}
		{8B54ABAD-6DEB-4983-8BEF-A9A1685C0A40} = {4546C205-4A36-4A36-911F-74BB3500C044}
		{2401A622-3532-42D6-B5C4-5EA9627C081C} = {4546C205-4A36-4A36-911F-74BB3500C044}
		{C5281CF9-E17A-4202-A4B9-0549FE9F5C65} = {D13F871B-C2DD-4DD4-8ABB-BEE57E272A7E}
		{BE3DE179-39D9-48DC-9480-DC2067636C4B} = {D13F871B-C2DD-4DD4-8ABB-BEE57E272A7E}
		{5521B8EA-D1A5-469E-8DD7-C67F5D1D5365} = {D13F871B-C2DD-4DD4-8ABB-BEE57E272A7E}
		{867E5524-6F13-4C3A-83CB-22CB204141DE} = {1178B920-C2C0-4555-9E97-CA9AFD2A74D1}
		{EA088951-6D49-482A-98B2-749856B794E8} = {174BA2D5-9376-4295-ACA7-FFE04A788F15}
		{4F828DE9-CBCE-4801-93F9-EA7682C61C65} = {7B5EA6B3-B7EB-417E-8674-DF6FD30DBF25}
		{042DD919-F508-4B7B-AEF3-86A671129B24} = {7B5EA6B3-B7EB-417E-8674-DF6FD30DBF25}
		{021169FD-248F-4C5C-9B7E-1F6F326793DF} = {1E28A7CD-7D6F-4C72-A246-8311214E28B2}
	EndGlobalSection
EndGlobal
